// !$*UTF8*$!
{
	archiveVersion = 1;
	classes = {
	};
	objectVersion = 50;
	objects = {

/* Begin PBXBuildFile section */
		6D72EC6C21764964006AEDB3 /* AppDelegate.swift in Sources */ = {isa = PBXBuildFile; fileRef = 6D72EC6B21764964006AEDB3 /* AppDelegate.swift */; };
		6D72EC7121764964006AEDB3 /* Main.storyboard in Resources */ = {isa = PBXBuildFile; fileRef = 6D72EC6F21764964006AEDB3 /* Main.storyboard */; };
		6D72EC7421764964006AEDB3 /* CoreDataPhotos.xcdatamodeld in Sources */ = {isa = PBXBuildFile; fileRef = 6D72EC7221764964006AEDB3 /* CoreDataPhotos.xcdatamodeld */; };
		6D72EC7621764965006AEDB3 /* Assets.xcassets in Resources */ = {isa = PBXBuildFile; fileRef = 6D72EC7521764965006AEDB3 /* Assets.xcassets */; };
		6D72EC7921764965006AEDB3 /* LaunchScreen.storyboard in Resources */ = {isa = PBXBuildFile; fileRef = 6D72EC7721764965006AEDB3 /* LaunchScreen.storyboard */; };
		6D72EC8421764966006AEDB3 /* CoreDataPhotosTests.swift in Sources */ = {isa = PBXBuildFile; fileRef = 6D72EC8321764966006AEDB3 /* CoreDataPhotosTests.swift */; };
		6D72EC8F21764966006AEDB3 /* CoreDataPhotosUITests.swift in Sources */ = {isa = PBXBuildFile; fileRef = 6D72EC8E21764966006AEDB3 /* CoreDataPhotosUITests.swift */; };
		6D72ECAB217664CF006AEDB3 /* ContactViewController.swift in Sources */ = {isa = PBXBuildFile; fileRef = 6D72ECAA217664CF006AEDB3 /* ContactViewController.swift */; };
		6D72ECAE2176660E006AEDB3 /* Photos+CoreDataClass.swift in Sources */ = {isa = PBXBuildFile; fileRef = 6D72ECAC2176660E006AEDB3 /* Photos+CoreDataClass.swift */; };
		6D72ECAF2176660E006AEDB3 /* Photos+CoreDataProperties.swift in Sources */ = {isa = PBXBuildFile; fileRef = 6D72ECAD2176660E006AEDB3 /* Photos+CoreDataProperties.swift */; };
		6D72ECB121766911006AEDB3 /* ContactTableViewCell.swift in Sources */ = {isa = PBXBuildFile; fileRef = 6D72ECB021766911006AEDB3 /* ContactTableViewCell.swift */; };
		6D72ECB52176906C006AEDB3 /* ContactsTableViewController.swift in Sources */ = {isa = PBXBuildFile; fileRef = 6D72ECB42176906C006AEDB3 /* ContactsTableViewController.swift */; };
/* End PBXBuildFile section */

/* Begin PBXContainerItemProxy section */
		6D72EC8021764966006AEDB3 /* PBXContainerItemProxy */ = {
			isa = PBXContainerItemProxy;
			containerPortal = 6D72EC6021764964006AEDB3 /* Project object */;
			proxyType = 1;
			remoteGlobalIDString = 6D72EC6721764964006AEDB3;
			remoteInfo = CoreDataPhotos;
		};
		6D72EC8B21764966006AEDB3 /* PBXContainerItemProxy */ = {
			isa = PBXContainerItemProxy;
			containerPortal = 6D72EC6021764964006AEDB3 /* Project object */;
			proxyType = 1;
			remoteGlobalIDString = 6D72EC6721764964006AEDB3;
			remoteInfo = CoreDataPhotos;
		};
/* End PBXContainerItemProxy section */

/* Begin PBXFileReference section */
		6D72EC6821764964006AEDB3 /* CoreDataPhotos.app */ = {isa = PBXFileReference; explicitFileType = wrapper.application; includeInIndex = 0; path = CoreDataPhotos.app; sourceTree = BUILT_PRODUCTS_DIR; };
		6D72EC6B21764964006AEDB3 /* AppDelegate.swift */ = {isa = PBXFileReference; lastKnownFileType = sourcecode.swift; path = AppDelegate.swift; sourceTree = "<group>"; };
		6D72EC7021764964006AEDB3 /* Base */ = {isa = PBXFileReference; lastKnownFileType = file.storyboard; name = Base; path = Base.lproj/Main.storyboard; sourceTree = "<group>"; };
		6D72EC7321764964006AEDB3 /* CoreDataPhotos.xcdatamodel */ = {isa = PBXFileReference; lastKnownFileType = wrapper.xcdatamodel; path = CoreDataPhotos.xcdatamodel; sourceTree = "<group>"; };
		6D72EC7521764965006AEDB3 /* Assets.xcassets */ = {isa = PBXFileReference; lastKnownFileType = folder.assetcatalog; path = Assets.xcassets; sourceTree = "<group>"; };
		6D72EC7821764965006AEDB3 /* Base */ = {isa = PBXFileReference; lastKnownFileType = file.storyboard; name = Base; path = Base.lproj/LaunchScreen.storyboard; sourceTree = "<group>"; };
		6D72EC7A21764965006AEDB3 /* Info.plist */ = {isa = PBXFileReference; lastKnownFileType = text.plist.xml; path = Info.plist; sourceTree = "<group>"; };
		6D72EC7F21764966006AEDB3 /* CoreDataPhotosTests.xctest */ = {isa = PBXFileReference; explicitFileType = wrapper.cfbundle; includeInIndex = 0; path = CoreDataPhotosTests.xctest; sourceTree = BUILT_PRODUCTS_DIR; };
		6D72EC8321764966006AEDB3 /* CoreDataPhotosTests.swift */ = {isa = PBXFileReference; lastKnownFileType = sourcecode.swift; path = CoreDataPhotosTests.swift; sourceTree = "<group>"; };
		6D72EC8521764966006AEDB3 /* Info.plist */ = {isa = PBXFileReference; lastKnownFileType = text.plist.xml; path = Info.plist; sourceTree = "<group>"; };
		6D72EC8A21764966006AEDB3 /* CoreDataPhotosUITests.xctest */ = {isa = PBXFileReference; explicitFileType = wrapper.cfbundle; includeInIndex = 0; path = CoreDataPhotosUITests.xctest; sourceTree = BUILT_PRODUCTS_DIR; };
		6D72EC8E21764966006AEDB3 /* CoreDataPhotosUITests.swift */ = {isa = PBXFileReference; lastKnownFileType = sourcecode.swift; path = CoreDataPhotosUITests.swift; sourceTree = "<group>"; };
		6D72EC9021764966006AEDB3 /* Info.plist */ = {isa = PBXFileReference; lastKnownFileType = text.plist.xml; path = Info.plist; sourceTree = "<group>"; };
		6D72ECAA217664CF006AEDB3 /* ContactViewController.swift */ = {isa = PBXFileReference; lastKnownFileType = sourcecode.swift; path = ContactViewController.swift; sourceTree = "<group>"; };
		6D72ECAC2176660E006AEDB3 /* Photos+CoreDataClass.swift */ = {isa = PBXFileReference; lastKnownFileType = sourcecode.swift; path = "Photos+CoreDataClass.swift"; sourceTree = "<group>"; };
		6D72ECAD2176660E006AEDB3 /* Photos+CoreDataProperties.swift */ = {isa = PBXFileReference; lastKnownFileType = sourcecode.swift; path = "Photos+CoreDataProperties.swift"; sourceTree = "<group>"; };
		6D72ECB021766911006AEDB3 /* ContactTableViewCell.swift */ = {isa = PBXFileReference; lastKnownFileType = sourcecode.swift; path = ContactTableViewCell.swift; sourceTree = "<group>"; };
		6D72ECB42176906C006AEDB3 /* ContactsTableViewController.swift */ = {isa = PBXFileReference; lastKnownFileType = sourcecode.swift; path = ContactsTableViewController.swift; sourceTree = "<group>"; };
/* End PBXFileReference section */

/* Begin PBXFrameworksBuildPhase section */
		6D72EC6521764964006AEDB3 /* Frameworks */ = {
			isa = PBXFrameworksBuildPhase;
			buildActionMask = 2147483647;
			files = (
			);
			runOnlyForDeploymentPostprocessing = 0;
		};
		6D72EC7C21764966006AEDB3 /* Frameworks */ = {
			isa = PBXFrameworksBuildPhase;
			buildActionMask = 2147483647;
			files = (
			);
			runOnlyForDeploymentPostprocessing = 0;
		};
		6D72EC8721764966006AEDB3 /* Frameworks */ = {
			isa = PBXFrameworksBuildPhase;
			buildActionMask = 2147483647;
			files = (
			);
			runOnlyForDeploymentPostprocessing = 0;
		};
/* End PBXFrameworksBuildPhase section */

/* Begin PBXGroup section */
		6D72EC5F21764964006AEDB3 = {
			isa = PBXGroup;
			children = (
				6D72EC6A21764964006AEDB3 /* CoreDataPhotos */,
				6D72EC8221764966006AEDB3 /* CoreDataPhotosTests */,
				6D72EC8D21764966006AEDB3 /* CoreDataPhotosUITests */,
				6D72EC6921764964006AEDB3 /* Products */,
			);
			sourceTree = "<group>";
		};
		6D72EC6921764964006AEDB3 /* Products */ = {
			isa = PBXGroup;
			children = (
				6D72EC6821764964006AEDB3 /* CoreDataPhotos.app */,
				6D72EC7F21764966006AEDB3 /* CoreDataPhotosTests.xctest */,
				6D72EC8A21764966006AEDB3 /* CoreDataPhotosUITests.xctest */,
			);
			name = Products;
			sourceTree = "<group>";
		};
		6D72EC6A21764964006AEDB3 /* CoreDataPhotos */ = {
			isa = PBXGroup;
			children = (
				6D72ECAC2176660E006AEDB3 /* Photos+CoreDataClass.swift */,
				6D72ECAD2176660E006AEDB3 /* Photos+CoreDataProperties.swift */,
				6D72ECAA217664CF006AEDB3 /* ContactViewController.swift */,
				6D72ECB021766911006AEDB3 /* ContactTableViewCell.swift */,
				6D72ECB42176906C006AEDB3 /* ContactsTableViewController.swift */,
				6D72EC6B21764964006AEDB3 /* AppDelegate.swift */,
				6D72EC6F21764964006AEDB3 /* Main.storyboard */,
				6D72EC7521764965006AEDB3 /* Assets.xcassets */,
				6D72EC7721764965006AEDB3 /* LaunchScreen.storyboard */,
				6D72EC7A21764965006AEDB3 /* Info.plist */,
				6D72EC7221764964006AEDB3 /* CoreDataPhotos.xcdatamodeld */,
			);
			path = CoreDataPhotos;
			sourceTree = "<group>";
		};
		6D72EC8221764966006AEDB3 /* CoreDataPhotosTests */ = {
			isa = PBXGroup;
			children = (
				6D72EC8321764966006AEDB3 /* CoreDataPhotosTests.swift */,
				6D72EC8521764966006AEDB3 /* Info.plist */,
			);
			path = CoreDataPhotosTests;
			sourceTree = "<group>";
		};
		6D72EC8D21764966006AEDB3 /* CoreDataPhotosUITests */ = {
			isa = PBXGroup;
			children = (
				6D72EC8E21764966006AEDB3 /* CoreDataPhotosUITests.swift */,
				6D72EC9021764966006AEDB3 /* Info.plist */,
			);
			path = CoreDataPhotosUITests;
			sourceTree = "<group>";
		};
/* End PBXGroup section */

/* Begin PBXNativeTarget section */
		6D72EC6721764964006AEDB3 /* CoreDataPhotos */ = {
			isa = PBXNativeTarget;
			buildConfigurationList = 6D72EC9321764966006AEDB3 /* Build configuration list for PBXNativeTarget "CoreDataPhotos" */;
			buildPhases = (
				6D72EC6421764964006AEDB3 /* Sources */,
				6D72EC6521764964006AEDB3 /* Frameworks */,
				6D72EC6621764964006AEDB3 /* Resources */,
			);
			buildRules = (
			);
			dependencies = (
			);
			name = CoreDataPhotos;
			productName = CoreDataPhotos;
			productReference = 6D72EC6821764964006AEDB3 /* CoreDataPhotos.app */;
			productType = "com.apple.product-type.application";
		};
		6D72EC7E21764966006AEDB3 /* CoreDataPhotosTests */ = {
			isa = PBXNativeTarget;
			buildConfigurationList = 6D72EC9621764966006AEDB3 /* Build configuration list for PBXNativeTarget "CoreDataPhotosTests" */;
			buildPhases = (
				6D72EC7B21764966006AEDB3 /* Sources */,
				6D72EC7C21764966006AEDB3 /* Frameworks */,
				6D72EC7D21764966006AEDB3 /* Resources */,
			);
			buildRules = (
			);
			dependencies = (
				6D72EC8121764966006AEDB3 /* PBXTargetDependency */,
			);
			name = CoreDataPhotosTests;
			productName = CoreDataPhotosTests;
			productReference = 6D72EC7F21764966006AEDB3 /* CoreDataPhotosTests.xctest */;
			productType = "com.apple.product-type.bundle.unit-test";
		};
		6D72EC8921764966006AEDB3 /* CoreDataPhotosUITests */ = {
			isa = PBXNativeTarget;
			buildConfigurationList = 6D72EC9921764966006AEDB3 /* Build configuration list for PBXNativeTarget "CoreDataPhotosUITests" */;
			buildPhases = (
				6D72EC8621764966006AEDB3 /* Sources */,
				6D72EC8721764966006AEDB3 /* Frameworks */,
				6D72EC8821764966006AEDB3 /* Resources */,
			);
			buildRules = (
			);
			dependencies = (
				6D72EC8C21764966006AEDB3 /* PBXTargetDependency */,
			);
			name = CoreDataPhotosUITests;
			productName = CoreDataPhotosUITests;
			productReference = 6D72EC8A21764966006AEDB3 /* CoreDataPhotosUITests.xctest */;
			productType = "com.apple.product-type.bundle.ui-testing";
		};
/* End PBXNativeTarget section */

/* Begin PBXProject section */
		6D72EC6021764964006AEDB3 /* Project object */ = {
			isa = PBXProject;
			attributes = {
				LastSwiftUpdateCheck = 1000;
				LastUpgradeCheck = 1000;
				ORGANIZATIONNAME = "Liam Flaherty";
				TargetAttributes = {
					6D72EC6721764964006AEDB3 = {
						CreatedOnToolsVersion = 10.0;
					};
					6D72EC7E21764966006AEDB3 = {
						CreatedOnToolsVersion = 10.0;
						TestTargetID = 6D72EC6721764964006AEDB3;
					};
					6D72EC8921764966006AEDB3 = {
						CreatedOnToolsVersion = 10.0;
						TestTargetID = 6D72EC6721764964006AEDB3;
					};
				};
			};
			buildConfigurationList = 6D72EC6321764964006AEDB3 /* Build configuration list for PBXProject "CoreDataPhotos" */;
			compatibilityVersion = "Xcode 9.3";
			developmentRegion = en;
			hasScannedForEncodings = 0;
			knownRegions = (
				en,
				Base,
			);
			mainGroup = 6D72EC5F21764964006AEDB3;
			productRefGroup = 6D72EC6921764964006AEDB3 /* Products */;
			projectDirPath = "";
			projectRoot = "";
			targets = (
				6D72EC6721764964006AEDB3 /* CoreDataPhotos */,
				6D72EC7E21764966006AEDB3 /* CoreDataPhotosTests */,
				6D72EC8921764966006AEDB3 /* CoreDataPhotosUITests */,
			);
		};
/* End PBXProject section */

/* Begin PBXResourcesBuildPhase section */
		6D72EC6621764964006AEDB3 /* Resources */ = {
			isa = PBXResourcesBuildPhase;
			buildActionMask = 2147483647;
			files = (
				6D72EC7921764965006AEDB3 /* LaunchScreen.storyboard in Resources */,
				6D72EC7621764965006AEDB3 /* Assets.xcassets in Resources */,
				6D72EC7121764964006AEDB3 /* Main.storyboard in Resources */,
			);
			runOnlyForDeploymentPostprocessing = 0;
		};
		6D72EC7D21764966006AEDB3 /* Resources */ = {
			isa = PBXResourcesBuildPhase;
			buildActionMask = 2147483647;
			files = (
			);
			runOnlyForDeploymentPostprocessing = 0;
		};
		6D72EC8821764966006AEDB3 /* Resources */ = {
			isa = PBXResourcesBuildPhase;
			buildActionMask = 2147483647;
			files = (
			);
			runOnlyForDeploymentPostprocessing = 0;
		};
/* End PBXResourcesBuildPhase section */

/* Begin PBXSourcesBuildPhase section */
		6D72EC6421764964006AEDB3 /* Sources */ = {
			isa = PBXSourcesBuildPhase;
			buildActionMask = 2147483647;
			files = (
				6D72EC7421764964006AEDB3 /* CoreDataPhotos.xcdatamodeld in Sources */,
				6D72ECAE2176660E006AEDB3 /* Photos+CoreDataClass.swift in Sources */,
				6D72ECAF2176660E006AEDB3 /* Photos+CoreDataProperties.swift in Sources */,
				6D72ECB121766911006AEDB3 /* ContactTableViewCell.swift in Sources */,
				6D72EC6C21764964006AEDB3 /* AppDelegate.swift in Sources */,
				6D72ECB52176906C006AEDB3 /* ContactsTableViewController.swift in Sources */,
				6D72ECAB217664CF006AEDB3 /* ContactViewController.swift in Sources */,
			);
			runOnlyForDeploymentPostprocessing = 0;
		};
		6D72EC7B21764966006AEDB3 /* Sources */ = {
			isa = PBXSourcesBuildPhase;
			buildActionMask = 2147483647;
			files = (
				6D72EC8421764966006AEDB3 /* CoreDataPhotosTests.swift in Sources */,
			);
			runOnlyForDeploymentPostprocessing = 0;
		};
		6D72EC8621764966006AEDB3 /* Sources */ = {
			isa = PBXSourcesBuildPhase;
			buildActionMask = 2147483647;
			files = (
				6D72EC8F21764966006AEDB3 /* CoreDataPhotosUITests.swift in Sources */,
			);
			runOnlyForDeploymentPostprocessing = 0;
		};
/* End PBXSourcesBuildPhase section */

/* Begin PBXTargetDependency section */
		6D72EC8121764966006AEDB3 /* PBXTargetDependency */ = {
			isa = PBXTargetDependency;
			target = 6D72EC6721764964006AEDB3 /* CoreDataPhotos */;
			targetProxy = 6D72EC8021764966006AEDB3 /* PBXContainerItemProxy */;
		};
		6D72EC8C21764966006AEDB3 /* PBXTargetDependency */ = {
			isa = PBXTargetDependency;
			target = 6D72EC6721764964006AEDB3 /* CoreDataPhotos */;
			targetProxy = 6D72EC8B21764966006AEDB3 /* PBXContainerItemProxy */;
		};
/* End PBXTargetDependency section */

/* Begin PBXVariantGroup section */
		6D72EC6F21764964006AEDB3 /* Main.storyboard */ = {
			isa = PBXVariantGroup;
			children = (
				6D72EC7021764964006AEDB3 /* Base */,
			);
			name = Main.storyboard;
			sourceTree = "<group>";
		};
		6D72EC7721764965006AEDB3 /* LaunchScreen.storyboard */ = {
			isa = PBXVariantGroup;
			children = (
				6D72EC7821764965006AEDB3 /* Base */,
			);
			name = LaunchScreen.storyboard;
			sourceTree = "<group>";
		};
/* End PBXVariantGroup section */

/* Begin XCBuildConfiguration section */
		6D72EC9121764966006AEDB3 /* Debug */ = {
			isa = XCBuildConfiguration;
			buildSettings = {
				ALWAYS_SEARCH_USER_PATHS = NO;
				CLANG_ANALYZER_NONNULL = YES;
				CLANG_ANALYZER_NUMBER_OBJECT_CONVERSION = YES_AGGRESSIVE;
				CLANG_CXX_LANGUAGE_STANDARD = "gnu++14";
				CLANG_CXX_LIBRARY = "libc++";
				CLANG_ENABLE_MODULES = YES;
				CLANG_ENABLE_OBJC_ARC = YES;
				CLANG_ENABLE_OBJC_WEAK = YES;
				CLANG_WARN_BLOCK_CAPTURE_AUTORELEASING = YES;
				CLANG_WARN_BOOL_CONVERSION = YES;
				CLANG_WARN_COMMA = YES;
				CLANG_WARN_CONSTANT_CONVERSION = YES;
				CLANG_WARN_DEPRECATED_OBJC_IMPLEMENTATIONS = YES;
				CLANG_WARN_DIRECT_OBJC_ISA_USAGE = YES_ERROR;
				CLANG_WARN_DOCUMENTATION_COMMENTS = YES;
				CLANG_WARN_EMPTY_BODY = YES;
				CLANG_WARN_ENUM_CONVERSION = YES;
				CLANG_WARN_INFINITE_RECURSION = YES;
				CLANG_WARN_INT_CONVERSION = YES;
				CLANG_WARN_NON_LITERAL_NULL_CONVERSION = YES;
				CLANG_WARN_OBJC_IMPLICIT_RETAIN_SELF = YES;
				CLANG_WARN_OBJC_LITERAL_CONVERSION = YES;
				CLANG_WARN_OBJC_ROOT_CLASS = YES_ERROR;
				CLANG_WARN_RANGE_LOOP_ANALYSIS = YES;
				CLANG_WARN_STRICT_PROTOTYPES = YES;
				CLANG_WARN_SUSPICIOUS_MOVE = YES;
				CLANG_WARN_UNGUARDED_AVAILABILITY = YES_AGGRESSIVE;
				CLANG_WARN_UNREACHABLE_CODE = YES;
				CLANG_WARN__DUPLICATE_METHOD_MATCH = YES;
				CODE_SIGN_IDENTITY = "iPhone Developer";
				COPY_PHASE_STRIP = NO;
				DEBUG_INFORMATION_FORMAT = dwarf;
				ENABLE_STRICT_OBJC_MSGSEND = YES;
				ENABLE_TESTABILITY = YES;
				GCC_C_LANGUAGE_STANDARD = gnu11;
				GCC_DYNAMIC_NO_PIC = NO;
				GCC_NO_COMMON_BLOCKS = YES;
				GCC_OPTIMIZATION_LEVEL = 0;
				GCC_PREPROCESSOR_DEFINITIONS = (
					"DEBUG=1",
					"$(inherited)",
				);
				GCC_WARN_64_TO_32_BIT_CONVERSION = YES;
				GCC_WARN_ABOUT_RETURN_TYPE = YES_ERROR;
				GCC_WARN_UNDECLARED_SELECTOR = YES;
				GCC_WARN_UNINITIALIZED_AUTOS = YES_AGGRESSIVE;
				GCC_WARN_UNUSED_FUNCTION = YES;
				GCC_WARN_UNUSED_VARIABLE = YES;
				IPHONEOS_DEPLOYMENT_TARGET = 12.0;
				MTL_ENABLE_DEBUG_INFO = INCLUDE_SOURCE;
				MTL_FAST_MATH = YES;
				ONLY_ACTIVE_ARCH = YES;
				SDKROOT = iphoneos;
				SWIFT_ACTIVE_COMPILATION_CONDITIONS = DEBUG;
				SWIFT_OPTIMIZATION_LEVEL = "-Onone";
			};
			name = Debug;
		};
		6D72EC9221764966006AEDB3 /* Release */ = {
			isa = XCBuildConfiguration;
			buildSettings = {
				ALWAYS_SEARCH_USER_PATHS = NO;
				CLANG_ANALYZER_NONNULL = YES;
				CLANG_ANALYZER_NUMBER_OBJECT_CONVERSION = YES_AGGRESSIVE;
				CLANG_CXX_LANGUAGE_STANDARD = "gnu++14";
				CLANG_CXX_LIBRARY = "libc++";
				CLANG_ENABLE_MODULES = YES;
				CLANG_ENABLE_OBJC_ARC = YES;
				CLANG_ENABLE_OBJC_WEAK = YES;
				CLANG_WARN_BLOCK_CAPTURE_AUTORELEASING = YES;
				CLANG_WARN_BOOL_CONVERSION = YES;
				CLANG_WARN_COMMA = YES;
				CLANG_WARN_CONSTANT_CONVERSION = YES;
				CLANG_WARN_DEPRECATED_OBJC_IMPLEMENTATIONS = YES;
				CLANG_WARN_DIRECT_OBJC_ISA_USAGE = YES_ERROR;
				CLANG_WARN_DOCUMENTATION_COMMENTS = YES;
				CLANG_WARN_EMPTY_BODY = YES;
				CLANG_WARN_ENUM_CONVERSION = YES;
				CLANG_WARN_INFINITE_RECURSION = YES;
				CLANG_WARN_INT_CONVERSION = YES;
				CLANG_WARN_NON_LITERAL_NULL_CONVERSION = YES;
				CLANG_WARN_OBJC_IMPLICIT_RETAIN_SELF = YES;
				CLANG_WARN_OBJC_LITERAL_CONVERSION = YES;
				CLANG_WARN_OBJC_ROOT_CLASS = YES_ERROR;
				CLANG_WARN_RANGE_LOOP_ANALYSIS = YES;
				CLANG_WARN_STRICT_PROTOTYPES = YES;
				CLANG_WARN_SUSPICIOUS_MOVE = YES;
				CLANG_WARN_UNGUARDED_AVAILABILITY = YES_AGGRESSIVE;
				CLANG_WARN_UNREACHABLE_CODE = YES;
				CLANG_WARN__DUPLICATE_METHOD_MATCH = YES;
				CODE_SIGN_IDENTITY = "iPhone Developer";
				COPY_PHASE_STRIP = NO;
				DEBUG_INFORMATION_FORMAT = "dwarf-with-dsym";
				ENABLE_NS_ASSERTIONS = NO;
				ENABLE_STRICT_OBJC_MSGSEND = YES;
				GCC_C_LANGUAGE_STANDARD = gnu11;
				GCC_NO_COMMON_BLOCKS = YES;
				GCC_WARN_64_TO_32_BIT_CONVERSION = YES;
				GCC_WARN_ABOUT_RETURN_TYPE = YES_ERROR;
				GCC_WARN_UNDECLARED_SELECTOR = YES;
				GCC_WARN_UNINITIALIZED_AUTOS = YES_AGGRESSIVE;
				GCC_WARN_UNUSED_FUNCTION = YES;
				GCC_WARN_UNUSED_VARIABLE = YES;
				IPHONEOS_DEPLOYMENT_TARGET = 12.0;
				MTL_ENABLE_DEBUG_INFO = NO;
				MTL_FAST_MATH = YES;
				SDKROOT = iphoneos;
				SWIFT_COMPILATION_MODE = wholemodule;
				SWIFT_OPTIMIZATION_LEVEL = "-O";
				VALIDATE_PRODUCT = YES;
			};
			name = Release;
		};
		6D72EC9421764966006AEDB3 /* Debug */ = {
			isa = XCBuildConfiguration;
			buildSettings = {
				ASSETCATALOG_COMPILER_APPICON_NAME = AppIcon;
				CODE_SIGN_STYLE = Automatic;
				INFOPLIST_FILE = CoreDataPhotos/Info.plist;
				LD_RUNPATH_SEARCH_PATHS = (
					"$(inherited)",
					"@executable_path/Frameworks",
				);
				PRODUCT_BUNDLE_IDENTIFIER = "Infotech-4425.CoreDataPhotos";
				PRODUCT_NAME = "$(TARGET_NAME)";
				SWIFT_VERSION = 4.2;
				TARGETED_DEVICE_FAMILY = "1,2";
			};
			name = Debug;
		};
		6D72EC9521764966006AEDB3 /* Release */ = {
			isa = XCBuildConfiguration;
			buildSettings = {
				ASSETCATALOG_COMPILER_APPICON_NAME = AppIcon;
				CODE_SIGN_STYLE = Automatic;
				INFOPLIST_FILE = CoreDataPhotos/Info.plist;
				LD_RUNPATH_SEARCH_PATHS = (
					"$(inherited)",
					"@executable_path/Frameworks",
				);
				PRODUCT_BUNDLE_IDENTIFIER = "Infotech-4425.CoreDataPhotos";
				PRODUCT_NAME = "$(TARGET_NAME)";
				SWIFT_VERSION = 4.2;
				TARGETED_DEVICE_FAMILY = "1,2";
			};
			name = Release;
		};
		6D72EC9721764966006AEDB3 /* Debug */ = {
			isa = XCBuildConfiguration;
			buildSettings = {
				ALWAYS_EMBED_SWIFT_STANDARD_LIBRARIES = YES;
				BUNDLE_LOADER = "$(TEST_HOST)";
				CODE_SIGN_STYLE = Automatic;
				INFOPLIST_FILE = CoreDataPhotosTests/Info.plist;
				LD_RUNPATH_SEARCH_PATHS = (
					"$(inherited)",
					"@executable_path/Frameworks",
					"@loader_path/Frameworks",
				);
				PRODUCT_BUNDLE_IDENTIFIER = "Infotech-4425.CoreDataPhotosTests";
				PRODUCT_NAME = "$(TARGET_NAME)";
				SWIFT_VERSION = 4.2;
				TARGETED_DEVICE_FAMILY = "1,2";
				TEST_HOST = "$(BUILT_PRODUCTS_DIR)/CoreDataPhotos.app/CoreDataPhotos";
			};
			name = Debug;
		};
		6D72EC9821764966006AEDB3 /* Release */ = {
			isa = XCBuildConfiguration;
			buildSettings = {
				ALWAYS_EMBED_SWIFT_STANDARD_LIBRARIES = YES;
				BUNDLE_LOADER = "$(TEST_HOST)";
				CODE_SIGN_STYLE = Automatic;
				INFOPLIST_FILE = CoreDataPhotosTests/Info.plist;
				LD_RUNPATH_SEARCH_PATHS = (
					"$(inherited)",
					"@executable_path/Frameworks",
					"@loader_path/Frameworks",
				);
				PRODUCT_BUNDLE_IDENTIFIER = "Infotech-4425.CoreDataPhotosTests";
				PRODUCT_NAME = "$(TARGET_NAME)";
				SWIFT_VERSION = 4.2;
				TARGETED_DEVICE_FAMILY = "1,2";
				TEST_HOST = "$(BUILT_PRODUCTS_DIR)/CoreDataPhotos.app/CoreDataPhotos";
			};
			name = Release;
		};
		6D72EC9A21764966006AEDB3 /* Debug */ = {
			isa = XCBuildConfiguration;
			buildSettings = {
				ALWAYS_EMBED_SWIFT_STANDARD_LIBRARIES = YES;
				CODE_SIGN_STYLE = Automatic;
				INFOPLIST_FILE = CoreDataPhotosUITests/Info.plist;
				LD_RUNPATH_SEARCH_PATHS = (
					"$(inherited)",
					"@executable_path/Frameworks",
					"@loader_path/Frameworks",
				);
				PRODUCT_BUNDLE_IDENTIFIER = "Infotech-4425.CoreDataPhotosUITests";
				PRODUCT_NAME = "$(TARGET_NAME)";
				SWIFT_VERSION = 4.2;
				TARGETED_DEVICE_FAMILY = "1,2";
				TEST_TARGET_NAME = CoreDataPhotos;
			};
			name = Debug;
		};
		6D72EC9B21764966006AEDB3 /* Release */ = {
			isa = XCBuildConfiguration;
			buildSettings = {
				ALWAYS_EMBED_SWIFT_STANDARD_LIBRARIES = YES;
				CODE_SIGN_STYLE = Automatic;
				INFOPLIST_FILE = CoreDataPhotosUITests/Info.plist;
				LD_RUNPATH_SEARCH_PATHS = (
					"$(inherited)",
					"@executable_path/Frameworks",
					"@loader_path/Frameworks",
				);
				PRODUCT_BUNDLE_IDENTIFIER = "Infotech-4425.CoreDataPhotosUITests";
				PRODUCT_NAME = "$(TARGET_NAME)";
				SWIFT_VERSION = 4.2;
				TARGETED_DEVICE_FAMILY = "1,2";
				TEST_TARGET_NAME = CoreDataPhotos;
			};
			name = Release;
		};
/* End XCBuildConfiguration section */

/* Begin XCConfigurationList section */
		6D72EC6321764964006AEDB3 /* Build configuration list for PBXProject "CoreDataPhotos" */ = {
			isa = XCConfigurationList;
			buildConfigurations = (
				6D72EC9121764966006AEDB3 /* Debug */,
				6D72EC9221764966006AEDB3 /* Release */,
			);
			defaultConfigurationIsVisible = 0;
			defaultConfigurationName = Release;
		};
		6D72EC9321764966006AEDB3 /* Build configuration list for PBXNativeTarget "CoreDataPhotos" */ = {
			isa = XCConfigurationList;
			buildConfigurations = (
				6D72EC9421764966006AEDB3 /* Debug */,
				6D72EC9521764966006AEDB3 /* Release */,
			);
			defaultConfigurationIsVisible = 0;
			defaultConfigurationName = Release;
		};
		6D72EC9621764966006AEDB3 /* Build configuration list for PBXNativeTarget "CoreDataPhotosTests" */ = {
			isa = XCConfigurationList;
			buildConfigurations = (
				6D72EC9721764966006AEDB3 /* Debug */,
				6D72EC9821764966006AEDB3 /* Release */,
			);
			defaultConfigurationIsVisible = 0;
			defaultConfigurationName = Release;
		};
		6D72EC9921764966006AEDB3 /* Build configuration list for PBXNativeTarget "CoreDataPhotosUITests" */ = {
			isa = XCConfigurationList;
			buildConfigurations = (
				6D72EC9A21764966006AEDB3 /* Debug */,
				6D72EC9B21764966006AEDB3 /* Release */,
			);
			defaultConfigurationIsVisible = 0;
			defaultConfigurationName = Release;
		};
/* End XCConfigurationList section */

/* Begin XCVersionGroup section */
		6D72EC7221764964006AEDB3 /* CoreDataPhotos.xcdatamodeld */ = {
			isa = XCVersionGroup;
			children = (
				6D72EC7321764964006AEDB3 /* CoreDataPhotos.xcdatamodel */,
			);
			currentVersion = 6D72EC7321764964006AEDB3 /* CoreDataPhotos.xcdatamodel */;
			path = CoreDataPhotos.xcdatamodeld;
			sourceTree = "<group>";
			versionGroupType = wrapper.xcdatamodel;
		};
/* End XCVersionGroup section */
	};
	rootObject = 6D72EC6021764964006AEDB3 /* Project object */;
}
